
Microsoft Visual Studio Solution File, Format Version 12.00
# Visual Studio Version 17
VisualStudioVersion = 17.6.33829.357
MinimumVisualStudioVersion = 10.0.40219.1
Project("{8BC9CEB8-8B4A-11D0-8D11-00A0C91BC942}") = "codsoft_taskno1", "codsoft_taskno1.vcxproj", "{ED029709-086A-4FA3-A8C4-3AB7CE7733A4}"
EndProject
Global
	GlobalSection(SolutionConfigurationPlatforms) = preSolution
		Debug|x64 = Debug|x64
		Debug|x86 = Debug|x86
		Release|x64 = Release|x64
		Release|x86 = Release|x86
	EndGlobalSection
	GlobalSection(ProjectConfigurationPlatforms) = postSolution
		{ED029709-086A-4FA3-A8C4-3AB7CE7733A4}.Debug|x64.ActiveCfg = Debug|x64
		{ED029709-086A-4FA3-A8C4-3AB7CE7733A4}.Debug|x64.Build.0 = Debug|x64
		{ED029709-086A-4FA3-A8C4-3AB7CE7733A4}.Debug|x86.ActiveCfg = Debug|Win32
		{ED029709-086A-4FA3-A8C4-3AB7CE7733A4}.Debug|x86.Build.0 = Debug|Win32
		{ED029709-086A-4FA3-A8C4-3AB7CE7733A4}.Release|x64.ActiveCfg = Release|x64
		{ED029709-086A-4FA3-A8C4-3AB7CE7733A4}.Release|x64.Build.0 = Release|x64
		{ED029709-086A-4FA3-A8C4-3AB7CE7733A4}.Release|x86.ActiveCfg = Release|Win32
		{ED029709-086A-4FA3-A8C4-3AB7CE7733A4}.Release|x86.Build.0 = Release|Win32
	EndGlobalSection
	GlobalSection(SolutionProperties) = preSolution
		HideSolutionNode = FALSE
	EndGlobalSection
	GlobalSection(ExtensibilityGlobals) = postSolution
		SolutionGuid = {416241E9-C4D5-44F5-8D45-1BE1C8CAE005}
	EndGlobalSection
EndGlobal
